# This file is autogenerated, do not edit; changes may be undone by the next 'dep ensure'.


[[projects]]
  branch = "master"
  name = "github.com/alecthomas/template"
  packages = [".","parse"]
  revision = "a0175ee3bccc567396460bf5acd36800cb10c49c"

[[projects]]
  branch = "master"
  name = "github.com/alecthomas/units"
  packages = ["."]
  revision = "2efee857e7cfd4f3d0138cc3cbb1b4966962b93a"

[[projects]]
  name = "github.com/sirupsen/logrus"
  packages = ["."]
  revision = "f006c2ac4710855cf0f916dd6b77acf6b048dc6e"
  version = "v1.0.3"

[[projects]]
  branch = "master"
  name = "golang.org/x/crypto"
  packages = ["curve25519","ed25519","ed25519/internal/edwards25519","ssh","ssh/knownhosts","ssh/terminal"]
  revision = "94eea52f7b742c7cbe0b03b22f0c4c8631ece122"

[[projects]]
  branch = "master"
  name = "golang.org/x/sys"
  packages = ["unix","windows"]
  revision = "8b4580aae2a0dd0c231a45d3ccb8434ff533b840"

[[projects]]
  name = "gopkg.in/alecthomas/kingpin.v2"
  packages = ["."]
  revision = "1087e65c9441605df944fb12c33f0fe7072d18ca"
  version = "v2.2.5"

[solve-meta]
  analyzer-name = "dep"
  analyzer-version = 1
  inputs-digest = "b58c70a3d51ec10a9d9ba0ad97c91bb6f6fff2fe32ae4fa43c28da2499736bac"
  solver-name = "gps-cdcl"
  solver-version = 1
